
Microsoft Visual Studio Solution File, Format Version 12.00
# Visual Studio Version 17
VisualStudioVersion = 17.11.35219.272
MinimumVisualStudioVersion = 10.0.40219.1
Project("{FAE04EC0-301F-11D3-BF4B-00C04F79EFBC}") = "ejemplo.1", "ejemplo.1\ejemplo.1.csproj", "{0F57878C-2E90-4485-97B9-DC62FF66A323}"
EndProject
Global
	GlobalSection(SolutionConfigurationPlatforms) = preSolution
		Debug|Any CPU = Debug|Any CPU
		Release|Any CPU = Release|Any CPU
	EndGlobalSection
	GlobalSection(ProjectConfigurationPlatforms) = postSolution
		{0F57878C-2E90-4485-97B9-DC62FF66A323}.Debug|Any CPU.ActiveCfg = Debug|Any CPU
		{0F57878C-2E90-4485-97B9-DC62FF66A323}.Debug|Any CPU.Build.0 = Debug|Any CPU
		{0F57878C-2E90-4485-97B9-DC62FF66A323}.Release|Any CPU.ActiveCfg = Release|Any CPU
		{0F57878C-2E90-4485-97B9-DC62FF66A323}.Release|Any CPU.Build.0 = Release|Any CPU
	EndGlobalSection
	GlobalSection(SolutionProperties) = preSolution
		HideSolutionNode = FALSE
	EndGlobalSection
	GlobalSection(ExtensibilityGlobals) = postSolution
		SolutionGuid = {CF5F5AAF-B2DF-4D16-8C6B-59909CE6C0EE}
	EndGlobalSection
EndGlobal
