
Microsoft Visual Studio Solution File, Format Version 12.00
# Visual Studio Version 17
VisualStudioVersion = 17.11.35219.272
MinimumVisualStudioVersion = 10.0.40219.1
Project("{FAE04EC0-301F-11D3-BF4B-00C04F79EFBC}") = "mayor", "mayor\mayor.csproj", "{C31E25DC-A751-4A9D-94BC-841735E3F5C0}"
EndProject
Global
	GlobalSection(SolutionConfigurationPlatforms) = preSolution
		Debug|Any CPU = Debug|Any CPU
		Release|Any CPU = Release|Any CPU
	EndGlobalSection
	GlobalSection(ProjectConfigurationPlatforms) = postSolution
		{C31E25DC-A751-4A9D-94BC-841735E3F5C0}.Debug|Any CPU.ActiveCfg = Debug|Any CPU
		{C31E25DC-A751-4A9D-94BC-841735E3F5C0}.Debug|Any CPU.Build.0 = Debug|Any CPU
		{C31E25DC-A751-4A9D-94BC-841735E3F5C0}.Release|Any CPU.ActiveCfg = Release|Any CPU
		{C31E25DC-A751-4A9D-94BC-841735E3F5C0}.Release|Any CPU.Build.0 = Release|Any CPU
	EndGlobalSection
	GlobalSection(SolutionProperties) = preSolution
		HideSolutionNode = FALSE
	EndGlobalSection
	GlobalSection(ExtensibilityGlobals) = postSolution
		SolutionGuid = {4C19A8FB-9E4A-49F8-8E86-553FC3C349B9}
	EndGlobalSection
EndGlobal
