
Microsoft Visual Studio Solution File, Format Version 12.00
# Visual Studio Version 17
VisualStudioVersion = 17.11.35219.272
MinimumVisualStudioVersion = 10.0.40219.1
Project("{FAE04EC0-301F-11D3-BF4B-00C04F79EFBC}") = "Practica", "Practica\Practica.csproj", "{2286D5A6-023D-45B1-AA0C-C0130D06EE59}"
EndProject
Project("{FAE04EC0-301F-11D3-BF4B-00C04F79EFBC}") = "Suma", "Suma\Suma.csproj", "{72B0444A-F1D7-491C-BC46-88359CED5F7E}"
EndProject
Project("{FAE04EC0-301F-11D3-BF4B-00C04F79EFBC}") = "AreaCirsula", "AreaCirsula\AreaCirsula.csproj", "{BCCCC115-1DD3-4E97-9C62-ED29668CF8A5}"
EndProject
Global
	GlobalSection(SolutionConfigurationPlatforms) = preSolution
		Debug|Any CPU = Debug|Any CPU
		Release|Any CPU = Release|Any CPU
	EndGlobalSection
	GlobalSection(ProjectConfigurationPlatforms) = postSolution
		{2286D5A6-023D-45B1-AA0C-C0130D06EE59}.Debug|Any CPU.ActiveCfg = Debug|Any CPU
		{2286D5A6-023D-45B1-AA0C-C0130D06EE59}.Debug|Any CPU.Build.0 = Debug|Any CPU
		{2286D5A6-023D-45B1-AA0C-C0130D06EE59}.Release|Any CPU.ActiveCfg = Release|Any CPU
		{2286D5A6-023D-45B1-AA0C-C0130D06EE59}.Release|Any CPU.Build.0 = Release|Any CPU
		{72B0444A-F1D7-491C-BC46-88359CED5F7E}.Debug|Any CPU.ActiveCfg = Debug|Any CPU
		{72B0444A-F1D7-491C-BC46-88359CED5F7E}.Debug|Any CPU.Build.0 = Debug|Any CPU
		{72B0444A-F1D7-491C-BC46-88359CED5F7E}.Release|Any CPU.ActiveCfg = Release|Any CPU
		{72B0444A-F1D7-491C-BC46-88359CED5F7E}.Release|Any CPU.Build.0 = Release|Any CPU
		{BCCCC115-1DD3-4E97-9C62-ED29668CF8A5}.Debug|Any CPU.ActiveCfg = Debug|Any CPU
		{BCCCC115-1DD3-4E97-9C62-ED29668CF8A5}.Debug|Any CPU.Build.0 = Debug|Any CPU
		{BCCCC115-1DD3-4E97-9C62-ED29668CF8A5}.Release|Any CPU.ActiveCfg = Release|Any CPU
		{BCCCC115-1DD3-4E97-9C62-ED29668CF8A5}.Release|Any CPU.Build.0 = Release|Any CPU
	EndGlobalSection
	GlobalSection(SolutionProperties) = preSolution
		HideSolutionNode = FALSE
	EndGlobalSection
	GlobalSection(ExtensibilityGlobals) = postSolution
		SolutionGuid = {A5AD0D3D-6696-42F1-84FD-CCCC8DE6739F}
	EndGlobalSection
EndGlobal
