
Microsoft Visual Studio Solution File, Format Version 12.00
# Visual Studio Version 17
VisualStudioVersion = 17.11.35219.272
MinimumVisualStudioVersion = 10.0.40219.1
Project("{FAE04EC0-301F-11D3-BF4B-00C04F79EFBC}") = "AreaCirculo", "AreaCirculo\AreaCirculo.csproj", "{1898FC47-3697-475F-92BF-CDEFEC1C55E1}"
EndProject
Global
	GlobalSection(SolutionConfigurationPlatforms) = preSolution
		Debug|Any CPU = Debug|Any CPU
		Release|Any CPU = Release|Any CPU
	EndGlobalSection
	GlobalSection(ProjectConfigurationPlatforms) = postSolution
		{1898FC47-3697-475F-92BF-CDEFEC1C55E1}.Debug|Any CPU.ActiveCfg = Debug|Any CPU
		{1898FC47-3697-475F-92BF-CDEFEC1C55E1}.Debug|Any CPU.Build.0 = Debug|Any CPU
		{1898FC47-3697-475F-92BF-CDEFEC1C55E1}.Release|Any CPU.ActiveCfg = Release|Any CPU
		{1898FC47-3697-475F-92BF-CDEFEC1C55E1}.Release|Any CPU.Build.0 = Release|Any CPU
	EndGlobalSection
	GlobalSection(SolutionProperties) = preSolution
		HideSolutionNode = FALSE
	EndGlobalSection
	GlobalSection(ExtensibilityGlobals) = postSolution
		SolutionGuid = {6DFDBEC1-DC85-4878-9075-E6CD0622AF3B}
	EndGlobalSection
EndGlobal
